
Microsoft Visual Studio Solution File, Format Version 12.00
# Visual Studio Version 16
VisualStudioVersion = 16.0.30523.141
MinimumVisualStudioVersion = 10.0.40219.1
Project("{2150E333-8FDC-42A3-9474-1A3956D46DE8}") = "Enterspeed.Source", "Enterspeed.Source", "{6ACAB91D-6EBA-4CBA-811E-DA1A2B73A770}"
EndProject
Project("{FAE04EC0-301F-11D3-BF4B-00C04F79EFBC}") = "Enterspeed.Source.Sdk", "src\Enterspeed.Source.Sdk\Enterspeed.Source.Sdk.csproj", "{D3CBECE7-F8E5-4F56-AF19-06C81A7DF47C}"
EndProject
Project("{2150E333-8FDC-42A3-9474-1A3956D46DE8}") = "Documents", "Documents", "{DC2886F8-87B0-4C5A-889B-2C34437C8CA0}"
	ProjectSection(SolutionItems) = preProject
		.gitignore = .gitignore
		azure-pipelines.yml = azure-pipelines.yml
		CHANGELOG.md = CHANGELOG.md
		NuGet.Config = NuGet.Config
		README.md = README.md
	EndProjectSection
EndProject
Global
	GlobalSection(SolutionConfigurationPlatforms) = preSolution
		Debug|Any CPU = Debug|Any CPU
		Release|Any CPU = Release|Any CPU
	EndGlobalSection
	GlobalSection(ProjectConfigurationPlatforms) = postSolution
		{D3CBECE7-F8E5-4F56-AF19-06C81A7DF47C}.Debug|Any CPU.ActiveCfg = Debug|Any CPU
		{D3CBECE7-F8E5-4F56-AF19-06C81A7DF47C}.Debug|Any CPU.Build.0 = Debug|Any CPU
		{D3CBECE7-F8E5-4F56-AF19-06C81A7DF47C}.Release|Any CPU.ActiveCfg = Release|Any CPU
		{D3CBECE7-F8E5-4F56-AF19-06C81A7DF47C}.Release|Any CPU.Build.0 = Release|Any CPU
	EndGlobalSection
	GlobalSection(SolutionProperties) = preSolution
		HideSolutionNode = FALSE
	EndGlobalSection
	GlobalSection(NestedProjects) = preSolution
		{D3CBECE7-F8E5-4F56-AF19-06C81A7DF47C} = {6ACAB91D-6EBA-4CBA-811E-DA1A2B73A770}
	EndGlobalSection
	GlobalSection(ExtensibilityGlobals) = postSolution
		SolutionGuid = {E57FEE32-F9D9-4173-8300-40CF8BC054E1}
	EndGlobalSection
EndGlobal
